<?xml version="1.0" encoding="utf-8"?>
<Project ToolsVersion="4.0" xmlns="http://schemas.microsoft.com/developer/msbuild/2003">
  <ItemGroup>
    <Filter Include="Исходные файлы">
      <UniqueIdentifier>{4FC737F1-C7A5-4376-A066-2A32D752A2FF}</UniqueIdentifier>
      <Extensions>cpp;c;cc;cxx;c++;cppm;ixx;def;odl;idl;hpj;bat;asm;asmx</Extensions>
    </Filter>
    <Filter Include="Файлы заголовков">
      <UniqueIdentifier>{93995380-89BD-4b04-88EB-625FBE52EBFB}</UniqueIdentifier>
      <Extensions>h;hh;hpp;hxx;h++;hm;inl;inc;ipp;xsd</Extensions>
    </Filter>
    <Filter Include="Файлы ресурсов">
      <UniqueIdentifier>{67DA6AB6-F800-4c08-8B7A-83BB121AAD01}</UniqueIdentifier>
      <Extensions>rc;ico;cur;bmp;dlg;rc2;rct;bin;rgs;gif;jpg;jpeg;jpe;resx;tiff;tif;png;wav;mfcribbon-ms</Extensions>
    </Filter>
    <Filter Include="Исходные файлы\DirectX11 Hook">
      <UniqueIdentifier>{b6531aa2-daaf-41a4-884c-c01697425802}</UniqueIdentifier>
    </Filter>
    <Filter Include="Исходные файлы\DirectX11 Hook\ImGui">
      <UniqueIdentifier>{db96d0a0-84e9-427f-94b1-6642b596b6ef}</UniqueIdentifier>
    </Filter>
  </ItemGroup>
  <ItemGroup>
    <ClCompile Include="main.cpp">
      <Filter>Исходные файлы</Filter>
    </ClCompile>
    <ClCompile Include="readmem.cpp">
      <Filter>Исходные файлы</Filter>
    </ClCompile>
    <ClCompile Include="timercontrol.cpp">
      <Filter>Исходные файлы</Filter>
    </ClCompile>
    <ClCompile Include="misc.cpp">
      <Filter>Исходные файлы</Filter>
    </ClCompile>
    <ClCompile Include="panorama.cpp">
      <Filter>Исходные файлы</Filter>
    </ClCompile>
    <ClCompile Include="imgui_menu.cpp">
      <Filter>Исходные файлы</Filter>
    </ClCompile>
    <ClCompile Include="console.cpp">
      <Filter>Исходные файлы</Filter>
    </ClCompile>
    <ClCompile Include="dx11hook\dx11hook.cpp">
      <Filter>Исходные файлы\DirectX11 Hook</Filter>
    </ClCompile>
    <ClCompile Include="dx11hook\DirectX11Hook.cpp">
      <Filter>Исходные файлы\DirectX11 Hook</Filter>
    </ClCompile>
    <ClCompile Include="imgui_style.cpp">
      <Filter>Исходные файлы</Filter>
    </ClCompile>
    <ClCompile Include="imgui_custom.cpp">
      <Filter>Исходные файлы</Filter>
    </ClCompile>
    <ClCompile Include="demoui.cpp">
      <Filter>Исходные файлы</Filter>
    </ClCompile>
    <ClCompile Include="keybinds.cpp">
      <Filter>Исходные файлы</Filter>
    </ClCompile>
    <ClCompile Include="dx11hook\ImGui\imgui.cpp">
      <Filter>Исходные файлы\DirectX11 Hook\ImGui</Filter>
    </ClCompile>
    <ClCompile Include="dx11hook\ImGui\imgui_draw.cpp">
      <Filter>Исходные файлы\DirectX11 Hook\ImGui</Filter>
    </ClCompile>
    <ClCompile Include="dx11hook\ImGui\imgui_impl_dx11.cpp">
      <Filter>Исходные файлы\DirectX11 Hook\ImGui</Filter>
    </ClCompile>
  </ItemGroup>
  <ItemGroup>
    <ClInclude Include="includes.h">
      <Filter>Файлы заголовков</Filter>
    </ClInclude>
    <ClInclude Include="externs.h">
      <Filter>Файлы заголовков</Filter>
    </ClInclude>
    <ClInclude Include="misc.h">
      <Filter>Исходные файлы</Filter>
    </ClInclude>
    <ClInclude Include="panorama.h">
      <Filter>Исходные файлы</Filter>
    </ClInclude>
    <ClInclude Include="readmem.h">
      <Filter>Исходные файлы</Filter>
    </ClInclude>
    <ClInclude Include="timercontrol.h">
      <Filter>Исходные файлы</Filter>
    </ClInclude>
    <ClInclude Include="imgui_menu.h">
      <Filter>Исходные файлы</Filter>
    </ClInclude>
    <ClInclude Include="console.h">
      <Filter>Исходные файлы</Filter>
    </ClInclude>
    <ClInclude Include="commands.h">
      <Filter>Исходные файлы</Filter>
    </ClInclude>
    <ClInclude Include="dx11hook\dx11hook.h">
      <Filter>Исходные файлы\DirectX11 Hook</Filter>
    </ClInclude>
    <ClInclude Include="dx11hook\DirectX11Hook.h">
      <Filter>Исходные файлы\DirectX11 Hook</Filter>
    </ClInclude>
    <ClInclude Include="imgui_custom.h">
      <Filter>Исходные файлы</Filter>
    </ClInclude>
    <ClInclude Include="imgui_font.h">
      <Filter>Файлы заголовков</Filter>
    </ClInclude>
    <ClInclude Include="demoui.h">
      <Filter>Исходные файлы</Filter>
    </ClInclude>
    <ClInclude Include="keybinds.h">
      <Filter>Исходные файлы</Filter>
    </ClInclude>
    <ClInclude Include="eiface.h">
      <Filter>Файлы заголовков</Filter>
    </ClInclude>
    <ClInclude Include="vtablehook.h">
      <Filter>Файлы заголовков</Filter>
    </ClInclude>
    <ClInclude Include="dx11hook\ImGui\imconfig.h">
      <Filter>Исходные файлы\DirectX11 Hook\ImGui</Filter>
    </ClInclude>
    <ClInclude Include="dx11hook\ImGui\imgui.h">
      <Filter>Исходные файлы\DirectX11 Hook\ImGui</Filter>
    </ClInclude>
    <ClInclude Include="dx11hook\ImGui\imgui_impl_dx11.h">
      <Filter>Исходные файлы\DirectX11 Hook\ImGui</Filter>
    </ClInclude>
    <ClInclude Include="dx11hook\ImGui\imgui_internal.h">
      <Filter>Исходные файлы\DirectX11 Hook\ImGui</Filter>
    </ClInclude>
    <ClInclude Include="dx11hook\ImGui\stb_rect_pack.h">
      <Filter>Исходные файлы\DirectX11 Hook\ImGui</Filter>
    </ClInclude>
    <ClInclude Include="dx11hook\ImGui\stb_textedit.h">
      <Filter>Исходные файлы\DirectX11 Hook\ImGui</Filter>
    </ClInclude>
    <ClInclude Include="dx11hook\ImGui\stb_truetype.h">
      <Filter>Исходные файлы\DirectX11 Hook\ImGui</Filter>
    </ClInclude>
  </ItemGroup>
  <ItemGroup>
    <ResourceCompile Include="info.rc">
      <Filter>Файлы ресурсов</Filter>
    </ResourceCompile>
  </ItemGroup>
</Project>